
Microsoft Visual Studio Solution File, Format Version 12.00
# Visual Studio Version 16
VisualStudioVersion = 16.0.31005.135
MinimumVisualStudioVersion = 10.0.40219.1
Project("{FAE04EC0-301F-11D3-BF4B-00C04F79EFBC}") = "Sheet.BL", "Sheet.BL\Sheet.BL.csproj", "{BD9CA77D-894B-4AED-A966-235D075B5478}"
EndProject
Project("{FAE04EC0-301F-11D3-BF4B-00C04F79EFBC}") = "Sheet.Tests", "Sheet.Tests\Sheet.Tests.csproj", "{A61FB984-4579-4011-85EF-9C1A2B49834E}"
EndProject
Global
	GlobalSection(SolutionConfigurationPlatforms) = preSolution
		Debug|Any CPU = Debug|Any CPU
		Release|Any CPU = Release|Any CPU
	EndGlobalSection
	GlobalSection(ProjectConfigurationPlatforms) = postSolution
		{BD9CA77D-894B-4AED-A966-235D075B5478}.Debug|Any CPU.ActiveCfg = Debug|Any CPU
		{BD9CA77D-894B-4AED-A966-235D075B5478}.Debug|Any CPU.Build.0 = Debug|Any CPU
		{BD9CA77D-894B-4AED-A966-235D075B5478}.Release|Any CPU.ActiveCfg = Release|Any CPU
		{BD9CA77D-894B-4AED-A966-235D075B5478}.Release|Any CPU.Build.0 = Release|Any CPU
		{A61FB984-4579-4011-85EF-9C1A2B49834E}.Debug|Any CPU.ActiveCfg = Debug|Any CPU
		{A61FB984-4579-4011-85EF-9C1A2B49834E}.Debug|Any CPU.Build.0 = Debug|Any CPU
		{A61FB984-4579-4011-85EF-9C1A2B49834E}.Release|Any CPU.ActiveCfg = Release|Any CPU
		{A61FB984-4579-4011-85EF-9C1A2B49834E}.Release|Any CPU.Build.0 = Release|Any CPU
	EndGlobalSection
	GlobalSection(SolutionProperties) = preSolution
		HideSolutionNode = FALSE
	EndGlobalSection
	GlobalSection(ExtensibilityGlobals) = postSolution
		SolutionGuid = {E66756DD-04DD-4155-B90B-9795280E9B4D}
	EndGlobalSection
EndGlobal
